// !$*UTF8*$!
{
	archiveVersion = 1;
	classes = {
	};
	objectVersion = 77;
	objects = {

/* Begin PBXBuildFile section */
		653AE5DB2F857C71008BBC9C /* Quartz.framework in Frameworks */ = {isa = PBXBuildFile; fileRef = 653AE5DA2F857C71008BBC9C /* Quartz.framework */; };
		653AE5E72F857C72008BBC9C /* FITSBlasterQL.appex in Embed Foundation Extensions */ = {isa = PBXBuildFile; fileRef = 653AE5D82F857C71008BBC9C /* FITSBlasterQL.appex */; settings = {ATTRIBUTES = (RemoveHeadersOnCopy, ); }; };
		653AE5FB2F859C2B008BBC9C /* QuickLookThumbnailing.framework in Frameworks */ = {isa = PBXBuildFile; fileRef = 653AE5FA2F859C2B008BBC9C /* QuickLookThumbnailing.framework */; };
		653AE5FC2F859C2B008BBC9C /* Quartz.framework in Frameworks */ = {isa = PBXBuildFile; fileRef = 653AE5DA2F857C71008BBC9C /* Quartz.framework */; };
		653AE6032F859C2B008BBC9C /* FITSBlasterQLThumb.appex in Embed Foundation Extensions */ = {isa = PBXBuildFile; fileRef = 653AE5F92F859C2B008BBC9C /* FITSBlasterQLThumb.appex */; settings = {ATTRIBUTES = (RemoveHeadersOnCopy, ); }; };
		6563FD562F86EEC500719A65 /* Sparkle in Frameworks */ = {isa = PBXBuildFile; productRef = 6563FD552F86EEC500719A65 /* Sparkle */; };
/* End PBXBuildFile section */

/* Begin PBXContainerItemProxy section */
		653AE5E52F857C72008BBC9C /* PBXContainerItemProxy */ = {
			isa = PBXContainerItemProxy;
			containerPortal = 65BA7E892F52EE16002B50D4 /* Project object */;
			proxyType = 1;
			remoteGlobalIDString = 653AE5D72F857C71008BBC9C;
			remoteInfo = FITSBlasterQL;
		};
		653AE6012F859C2B008BBC9C /* PBXContainerItemProxy */ = {
			isa = PBXContainerItemProxy;
			containerPortal = 65BA7E892F52EE16002B50D4 /* Project object */;
			proxyType = 1;
			remoteGlobalIDString = 653AE5F82F859C2B008BBC9C;
			remoteInfo = FITSBlasterQLThumb;
		};
/* End PBXContainerItemProxy section */

/* Begin PBXCopyFilesBuildPhase section */
		653AE5EC2F857C72008BBC9C /* Embed Foundation Extensions */ = {
			isa = PBXCopyFilesBuildPhase;
			buildActionMask = 2147483647;
			dstPath = "";
			dstSubfolderSpec = 13;
			files = (
				653AE6032F859C2B008BBC9C /* FITSBlasterQLThumb.appex in Embed Foundation Extensions */,
				653AE5E72F857C72008BBC9C /* FITSBlasterQL.appex in Embed Foundation Extensions */,
			);
			name = "Embed Foundation Extensions";
			runOnlyForDeploymentPostprocessing = 0;
		};
/* End PBXCopyFilesBuildPhase section */

/* Begin PBXFileReference section */
		653AE5D82F857C71008BBC9C /* FITSBlasterQL.appex */ = {isa = PBXFileReference; explicitFileType = "wrapper.app-extension"; includeInIndex = 0; path = FITSBlasterQL.appex; sourceTree = BUILT_PRODUCTS_DIR; };
		653AE5DA2F857C71008BBC9C /* Quartz.framework */ = {isa = PBXFileReference; lastKnownFileType = wrapper.framework; name = Quartz.framework; path = System/Library/Frameworks/Quartz.framework; sourceTree = SDKROOT; };
		653AE5F92F859C2B008BBC9C /* FITSBlasterQLThumb.appex */ = {isa = PBXFileReference; explicitFileType = "wrapper.app-extension"; includeInIndex = 0; path = FITSBlasterQLThumb.appex; sourceTree = BUILT_PRODUCTS_DIR; };
		653AE5FA2F859C2B008BBC9C /* QuickLookThumbnailing.framework */ = {isa = PBXFileReference; lastKnownFileType = wrapper.framework; name = QuickLookThumbnailing.framework; path = System/Library/Frameworks/QuickLookThumbnailing.framework; sourceTree = SDKROOT; };
		65BA7E912F52EE16002B50D4 /* FITS Blaster.app */ = {isa = PBXFileReference; explicitFileType = wrapper.application; includeInIndex = 0; path = "FITS Blaster.app"; sourceTree = BUILT_PRODUCTS_DIR; };
		65BA7F002F52EE16002B50D4 /* FITS Blaster Tests.xctest */ = {isa = PBXFileReference; explicitFileType = wrapper.cfbundle; includeInIndex = 0; path = "FITS Blaster Tests.xctest"; sourceTree = BUILT_PRODUCTS_DIR; };
/* End PBXFileReference section */

/* Begin PBXFileSystemSynchronizedBuildFileExceptionSet section */
		653AE5F22F85810D008BBC9C /* Exceptions for "FITS Blaster" folder in "FITSBlasterQL" target */ = {
			isa = PBXFileSystemSynchronizedBuildFileExceptionSet;
			membershipExceptions = (
				BayerPattern.swift,
				FITSReader.swift,
				ImageStretcher.swift,
			);
			target = 653AE5D72F857C71008BBC9C /* FITSBlasterQL */;
		};
		653AE5F32F8582FF008BBC9C /* Exceptions for "FITSBlasterQL" folder in "FITSBlasterQL" target */ = {
			isa = PBXFileSystemSynchronizedBuildFileExceptionSet;
			membershipExceptions = (
				Info.plist,
			);
			target = 653AE5D72F857C71008BBC9C /* FITSBlasterQL */;
		};
		653AE60E2F859F68008BBC9C /* Exceptions for "FITSBlasterQLThumb" folder in "FITSBlasterQLThumb" target */ = {
			isa = PBXFileSystemSynchronizedBuildFileExceptionSet;
			membershipExceptions = (
				Info.plist,
			);
			target = 653AE5F82F859C2B008BBC9C /* FITSBlasterQLThumb */;
		};
		653AE6122F859FBC008BBC9C /* Exceptions for "FITS Blaster" folder in "FITSBlasterQLThumb" target */ = {
			isa = PBXFileSystemSynchronizedBuildFileExceptionSet;
			membershipExceptions = (
				BayerPattern.swift,
				FITSReader.swift,
				ImageStretcher.swift,
			);
			target = 653AE5F82F859C2B008BBC9C /* FITSBlasterQLThumb */;
		};
/* End PBXFileSystemSynchronizedBuildFileExceptionSet section */

/* Begin PBXFileSystemSynchronizedRootGroup section */
		653AE5DC2F857C71008BBC9C /* FITSBlasterQL */ = {
			isa = PBXFileSystemSynchronizedRootGroup;
			exceptions = (
				653AE5F32F8582FF008BBC9C /* Exceptions for "FITSBlasterQL" folder in "FITSBlasterQL" target */,
			);
			path = FITSBlasterQL;
			sourceTree = "<group>";
		};
		653AE5FD2F859C2B008BBC9C /* FITSBlasterQLThumb */ = {
			isa = PBXFileSystemSynchronizedRootGroup;
			exceptions = (
				653AE60E2F859F68008BBC9C /* Exceptions for "FITSBlasterQLThumb" folder in "FITSBlasterQLThumb" target */,
			);
			path = FITSBlasterQLThumb;
			sourceTree = "<group>";
		};
		65BA7E932F52EE16002B50D4 /* FITS Blaster */ = {
			isa = PBXFileSystemSynchronizedRootGroup;
			exceptions = (
				653AE5F22F85810D008BBC9C /* Exceptions for "FITS Blaster" folder in "FITSBlasterQL" target */,
				653AE6122F859FBC008BBC9C /* Exceptions for "FITS Blaster" folder in "FITSBlasterQLThumb" target */,
			);
			path = "FITS Blaster";
			sourceTree = "<group>";
		};
		65BA7F012F52EE16002B50D4 /* FITS Blaster Tests */ = {
			isa = PBXFileSystemSynchronizedRootGroup;
			path = "FITS Blaster Tests";
			sourceTree = "<group>";
		};
/* End PBXFileSystemSynchronizedRootGroup section */

/* Begin PBXFrameworksBuildPhase section */
		653AE5D52F857C71008BBC9C /* Frameworks */ = {
			isa = PBXFrameworksBuildPhase;
			buildActionMask = 2147483647;
			files = (
				653AE5DB2F857C71008BBC9C /* Quartz.framework in Frameworks */,
			);
			runOnlyForDeploymentPostprocessing = 0;
		};
		653AE5F62F859C2B008BBC9C /* Frameworks */ = {
			isa = PBXFrameworksBuildPhase;
			buildActionMask = 2147483647;
			files = (
				653AE5FB2F859C2B008BBC9C /* QuickLookThumbnailing.framework in Frameworks */,
				653AE5FC2F859C2B008BBC9C /* Quartz.framework in Frameworks */,
			);
			runOnlyForDeploymentPostprocessing = 0;
		};
		65BA7E8E2F52EE16002B50D4 /* Frameworks */ = {
			isa = PBXFrameworksBuildPhase;
			buildActionMask = 2147483647;
			files = (
				6563FD562F86EEC500719A65 /* Sparkle in Frameworks */,
			);
			runOnlyForDeploymentPostprocessing = 0;
		};
		65BA7F032F52EE16002B50D4 /* Frameworks */ = {
			isa = PBXFrameworksBuildPhase;
			buildActionMask = 2147483647;
			files = (
			);
			runOnlyForDeploymentPostprocessing = 0;
		};
/* End PBXFrameworksBuildPhase section */

/* Begin PBXGroup section */
		653AE5D92F857C71008BBC9C /* Frameworks */ = {
			isa = PBXGroup;
			children = (
				653AE5DA2F857C71008BBC9C /* Quartz.framework */,
				653AE5FA2F859C2B008BBC9C /* QuickLookThumbnailing.framework */,
			);
			name = Frameworks;
			sourceTree = "<group>";
		};
		65BA7E882F52EE16002B50D4 = {
			isa = PBXGroup;
			children = (
				65BA7E932F52EE16002B50D4 /* FITS Blaster */,
				65BA7F012F52EE16002B50D4 /* FITS Blaster Tests */,
				653AE5DC2F857C71008BBC9C /* FITSBlasterQL */,
				653AE5FD2F859C2B008BBC9C /* FITSBlasterQLThumb */,
				653AE5D92F857C71008BBC9C /* Frameworks */,
				65BA7E922F52EE16002B50D4 /* Products */,
			);
			sourceTree = "<group>";
		};
		65BA7E922F52EE16002B50D4 /* Products */ = {
			isa = PBXGroup;
			children = (
				65BA7E912F52EE16002B50D4 /* FITS Blaster.app */,
				65BA7F002F52EE16002B50D4 /* FITS Blaster Tests.xctest */,
				653AE5D82F857C71008BBC9C /* FITSBlasterQL.appex */,
				653AE5F92F859C2B008BBC9C /* FITSBlasterQLThumb.appex */,
			);
			name = Products;
			sourceTree = "<group>";
		};
/* End PBXGroup section */

/* Begin PBXNativeTarget section */
		653AE5D72F857C71008BBC9C /* FITSBlasterQL */ = {
			isa = PBXNativeTarget;
			buildConfigurationList = 653AE5E92F857C72008BBC9C /* Build configuration list for PBXNativeTarget "FITSBlasterQL" */;
			buildPhases = (
				653AE5D42F857C71008BBC9C /* Sources */,
				653AE5D52F857C71008BBC9C /* Frameworks */,
				653AE5D62F857C71008BBC9C /* Resources */,
			);
			buildRules = (
			);
			dependencies = (
			);
			fileSystemSynchronizedGroups = (
				653AE5DC2F857C71008BBC9C /* FITSBlasterQL */,
			);
			name = FITSBlasterQL;
			packageProductDependencies = (
			);
			productName = FITSBlasterQL;
			productReference = 653AE5D82F857C71008BBC9C /* FITSBlasterQL.appex */;
			productType = "com.apple.product-type.app-extension";
		};
		653AE5F82F859C2B008BBC9C /* FITSBlasterQLThumb */ = {
			isa = PBXNativeTarget;
			buildConfigurationList = 653AE6052F859C2B008BBC9C /* Build configuration list for PBXNativeTarget "FITSBlasterQLThumb" */;
			buildPhases = (
				653AE5F52F859C2B008BBC9C /* Sources */,
				653AE5F62F859C2B008BBC9C /* Frameworks */,
				653AE5F72F859C2B008BBC9C /* Resources */,
			);
			buildRules = (
			);
			dependencies = (
			);
			fileSystemSynchronizedGroups = (
				653AE5FD2F859C2B008BBC9C /* FITSBlasterQLThumb */,
			);
			name = FITSBlasterQLThumb;
			packageProductDependencies = (
			);
			productName = FITSBlasterQLThumb;
			productReference = 653AE5F92F859C2B008BBC9C /* FITSBlasterQLThumb.appex */;
			productType = "com.apple.product-type.app-extension";
		};
		65BA7E902F52EE16002B50D4 /* FITS Blaster */ = {
			isa = PBXNativeTarget;
			buildConfigurationList = 65BA7E9C2F52EE18002B50D4 /* Build configuration list for PBXNativeTarget "FITS Blaster" */;
			buildPhases = (
				65BA7E8D2F52EE16002B50D4 /* Sources */,
				65BA7E8E2F52EE16002B50D4 /* Frameworks */,
				65BA7E8F2F52EE16002B50D4 /* Resources */,
				653AE5EC2F857C72008BBC9C /* Embed Foundation Extensions */,
			);
			buildRules = (
			);
			dependencies = (
				653AE5E62F857C72008BBC9C /* PBXTargetDependency */,
				653AE6022F859C2B008BBC9C /* PBXTargetDependency */,
			);
			fileSystemSynchronizedGroups = (
				65BA7E932F52EE16002B50D4 /* FITS Blaster */,
			);
			name = "FITS Blaster";
			packageProductDependencies = (
				6563FD552F86EEC500719A65 /* Sparkle */,
			);
			productName = "FITS Blaster";
			productReference = 65BA7E912F52EE16002B50D4 /* FITS Blaster.app */;
			productType = "com.apple.product-type.application";
		};
		65BA7F042F52EE16002B50D4 /* FITS Blaster Tests */ = {
			isa = PBXNativeTarget;
			buildConfigurationList = 65BA7F072F52EE18002B50D4 /* Build configuration list for PBXNativeTarget "FITS Blaster Tests" */;
			buildPhases = (
				65BA7F022F52EE16002B50D4 /* Sources */,
				65BA7F032F52EE16002B50D4 /* Frameworks */,
			);
			buildRules = (
			);
			dependencies = (
			);
			fileSystemSynchronizedGroups = (
				65BA7F012F52EE16002B50D4 /* FITS Blaster Tests */,
			);
			name = "FITS Blaster Tests";
			packageProductDependencies = (
			);
			productName = "FITS Blaster Tests";
			productReference = 65BA7F002F52EE16002B50D4 /* FITS Blaster Tests.xctest */;
			productType = "com.apple.product-type.bundle.unit-test";
		};
/* End PBXNativeTarget section */

/* Begin PBXProject section */
		65BA7E892F52EE16002B50D4 /* Project object */ = {
			isa = PBXProject;
			attributes = {
				BuildIndependentTargetsInParallel = 1;
				LastSwiftUpdateCheck = 2630;
				LastUpgradeCheck = 2630;
				TargetAttributes = {
					653AE5D72F857C71008BBC9C = {
						CreatedOnToolsVersion = 26.3;
					};
					653AE5F82F859C2B008BBC9C = {
						CreatedOnToolsVersion = 26.3;
					};
					65BA7E902F52EE16002B50D4 = {
						CreatedOnToolsVersion = 26.3;
					};
					65BA7F042F52EE16002B50D4 = {
						CreatedOnToolsVersion = 26.3;
						TestTargetID = 65BA7E902F52EE16002B50D4;
					};
				};
			};
			buildConfigurationList = 65BA7E8C2F52EE16002B50D4 /* Build configuration list for PBXProject "FITS Blaster" */;
			developmentRegion = en;
			hasScannedForEncodings = 0;
			knownRegions = (
				en,
				Base,
			);
			mainGroup = 65BA7E882F52EE16002B50D4;
			minimizedProjectReferenceProxies = 1;
			packageReferences = (
				6563FD542F86EB7200719A65 /* XCRemoteSwiftPackageReference "Sparkle" */,
			);
			preferredProjectObjectVersion = 77;
			productRefGroup = 65BA7E922F52EE16002B50D4 /* Products */;
			projectDirPath = "";
			projectRoot = "";
			targets = (
				65BA7E902F52EE16002B50D4 /* FITS Blaster */,
				65BA7F042F52EE16002B50D4 /* FITS Blaster Tests */,
				653AE5D72F857C71008BBC9C /* FITSBlasterQL */,
				653AE5F82F859C2B008BBC9C /* FITSBlasterQLThumb */,
			);
		};
/* End PBXProject section */

/* Begin PBXResourcesBuildPhase section */
		653AE5D62F857C71008BBC9C /* Resources */ = {
			isa = PBXResourcesBuildPhase;
			buildActionMask = 2147483647;
			files = (
			);
			runOnlyForDeploymentPostprocessing = 0;
		};
		653AE5F72F859C2B008BBC9C /* Resources */ = {
			isa = PBXResourcesBuildPhase;
			buildActionMask = 2147483647;
			files = (
			);
			runOnlyForDeploymentPostprocessing = 0;
		};
		65BA7E8F2F52EE16002B50D4 /* Resources */ = {
			isa = PBXResourcesBuildPhase;
			buildActionMask = 2147483647;
			files = (
			);
			runOnlyForDeploymentPostprocessing = 0;
		};
/* End PBXResourcesBuildPhase section */

/* Begin PBXSourcesBuildPhase section */
		653AE5D42F857C71008BBC9C /* Sources */ = {
			isa = PBXSourcesBuildPhase;
			buildActionMask = 2147483647;
			files = (
			);
			runOnlyForDeploymentPostprocessing = 0;
		};
		653AE5F52F859C2B008BBC9C /* Sources */ = {
			isa = PBXSourcesBuildPhase;
			buildActionMask = 2147483647;
			files = (
			);
			runOnlyForDeploymentPostprocessing = 0;
		};
		65BA7E8D2F52EE16002B50D4 /* Sources */ = {
			isa = PBXSourcesBuildPhase;
			buildActionMask = 2147483647;
			files = (
			);
			runOnlyForDeploymentPostprocessing = 0;
		};
		65BA7F022F52EE16002B50D4 /* Sources */ = {
			isa = PBXSourcesBuildPhase;
			buildActionMask = 2147483647;
			files = (
			);
			runOnlyForDeploymentPostprocessing = 0;
		};
/* End PBXSourcesBuildPhase section */

/* Begin PBXTargetDependency section */
		653AE5E62F857C72008BBC9C /* PBXTargetDependency */ = {
			isa = PBXTargetDependency;
			target = 653AE5D72F857C71008BBC9C /* FITSBlasterQL */;
			targetProxy = 653AE5E52F857C72008BBC9C /* PBXContainerItemProxy */;
		};
		653AE6022F859C2B008BBC9C /* PBXTargetDependency */ = {
			isa = PBXTargetDependency;
			target = 653AE5F82F859C2B008BBC9C /* FITSBlasterQLThumb */;
			targetProxy = 653AE6012F859C2B008BBC9C /* PBXContainerItemProxy */;
		};
/* End PBXTargetDependency section */

/* Begin XCBuildConfiguration section */
		653AE5EA2F857C72008BBC9C /* Debug */ = {
			isa = XCBuildConfiguration;
			buildSettings = {
				CODE_SIGN_IDENTITY = "Apple Development";
				CODE_SIGN_STYLE = Automatic;
				CURRENT_PROJECT_VERSION = 1;
				DEVELOPMENT_TEAM = 6GBJ9SAJ6Y;
				ENABLE_APP_SANDBOX = YES;
				ENABLE_HARDENED_RUNTIME = YES;
				ENABLE_USER_SELECTED_FILES = readonly;
				GENERATE_INFOPLIST_FILE = YES;
				INFOPLIST_FILE = FITSBlasterQL/Info.plist;
				INFOPLIST_KEY_CFBundleDisplayName = FITSBlasterQL;
				INFOPLIST_KEY_NSHumanReadableCopyright = "";
				LD_RUNPATH_SEARCH_PATHS = (
					"$(inherited)",
					"@executable_path/../Frameworks",
					"@executable_path/../../../../Frameworks",
				);
				MARKETING_VERSION = 1.0;
				PRODUCT_BUNDLE_IDENTIFIER = com.astrophotoapp.FitsBlaster.FITSBlasterQL;
				PRODUCT_NAME = "$(TARGET_NAME)";
				SKIP_INSTALL = YES;
				STRING_CATALOG_GENERATE_SYMBOLS = YES;
				SWIFT_APPROACHABLE_CONCURRENCY = YES;
				SWIFT_EMIT_LOC_STRINGS = YES;
				SWIFT_UPCOMING_FEATURE_MEMBER_IMPORT_VISIBILITY = YES;
				SWIFT_VERSION = 5.0;
			};
			name = Debug;
		};
		653AE5EB2F857C72008BBC9C /* Release */ = {
			isa = XCBuildConfiguration;
			buildSettings = {
				CODE_SIGN_STYLE = Automatic;
				CURRENT_PROJECT_VERSION = 1;
				DEVELOPMENT_TEAM = 6GBJ9SAJ6Y;
				ENABLE_APP_SANDBOX = YES;
				ENABLE_HARDENED_RUNTIME = YES;
				ENABLE_USER_SELECTED_FILES = readonly;
				GENERATE_INFOPLIST_FILE = YES;
				INFOPLIST_FILE = FITSBlasterQL/Info.plist;
				INFOPLIST_KEY_CFBundleDisplayName = FITSBlasterQL;
				INFOPLIST_KEY_NSHumanReadableCopyright = "";
				LD_RUNPATH_SEARCH_PATHS = (
					"$(inherited)",
					"@executable_path/../Frameworks",
					"@executable_path/../../../../Frameworks",
				);
				MARKETING_VERSION = 1.0;
				PRODUCT_BUNDLE_IDENTIFIER = com.astrophotoapp.FitsBlaster.FITSBlasterQL;
				PRODUCT_NAME = "$(TARGET_NAME)";
				SKIP_INSTALL = YES;
				STRING_CATALOG_GENERATE_SYMBOLS = YES;
				SWIFT_APPROACHABLE_CONCURRENCY = YES;
				SWIFT_EMIT_LOC_STRINGS = YES;
				SWIFT_UPCOMING_FEATURE_MEMBER_IMPORT_VISIBILITY = YES;
				SWIFT_VERSION = 5.0;
			};
			name = Release;
		};
		653AE6062F859C2B008BBC9C /* Debug */ = {
			isa = XCBuildConfiguration;
			buildSettings = {
				CODE_SIGN_IDENTITY = "Apple Development";
				CODE_SIGN_STYLE = Automatic;
				CURRENT_PROJECT_VERSION = 1;
				DEVELOPMENT_TEAM = 6GBJ9SAJ6Y;
				ENABLE_APP_SANDBOX = YES;
				ENABLE_HARDENED_RUNTIME = YES;
				ENABLE_USER_SELECTED_FILES = readonly;
				GENERATE_INFOPLIST_FILE = YES;
				INFOPLIST_FILE = FITSBlasterQLThumb/Info.plist;
				INFOPLIST_KEY_CFBundleDisplayName = FITSBlasterQLThumb;
				INFOPLIST_KEY_NSHumanReadableCopyright = "";
				LD_RUNPATH_SEARCH_PATHS = (
					"$(inherited)",
					"@executable_path/../Frameworks",
					"@executable_path/../../../../Frameworks",
				);
				MARKETING_VERSION = 1.0;
				PRODUCT_BUNDLE_IDENTIFIER = com.astrophotoapp.FitsBlaster.FITSBlasterQLThumb;
				PRODUCT_NAME = "$(TARGET_NAME)";
				SKIP_INSTALL = YES;
				STRING_CATALOG_GENERATE_SYMBOLS = YES;
				SWIFT_APPROACHABLE_CONCURRENCY = YES;
				SWIFT_EMIT_LOC_STRINGS = YES;
				SWIFT_UPCOMING_FEATURE_MEMBER_IMPORT_VISIBILITY = YES;
				SWIFT_VERSION = 5.0;
			};
			name = Debug;
		};
		653AE6072F859C2B008BBC9C /* Release */ = {
			isa = XCBuildConfiguration;
			buildSettings = {
				CODE_SIGN_STYLE = Automatic;
				CURRENT_PROJECT_VERSION = 1;
				DEVELOPMENT_TEAM = 6GBJ9SAJ6Y;
				ENABLE_APP_SANDBOX = YES;
				ENABLE_HARDENED_RUNTIME = YES;
				ENABLE_USER_SELECTED_FILES = readonly;
				GENERATE_INFOPLIST_FILE = YES;
				INFOPLIST_FILE = FITSBlasterQLThumb/Info.plist;
				INFOPLIST_KEY_CFBundleDisplayName = FITSBlasterQLThumb;
				INFOPLIST_KEY_NSHumanReadableCopyright = "";
				LD_RUNPATH_SEARCH_PATHS = (
					"$(inherited)",
					"@executable_path/../Frameworks",
					"@executable_path/../../../../Frameworks",
				);
				MARKETING_VERSION = 1.0;
				PRODUCT_BUNDLE_IDENTIFIER = com.astrophotoapp.FitsBlaster.FITSBlasterQLThumb;
				PRODUCT_NAME = "$(TARGET_NAME)";
				SKIP_INSTALL = YES;
				STRING_CATALOG_GENERATE_SYMBOLS = YES;
				SWIFT_APPROACHABLE_CONCURRENCY = YES;
				SWIFT_EMIT_LOC_STRINGS = YES;
				SWIFT_UPCOMING_FEATURE_MEMBER_IMPORT_VISIBILITY = YES;
				SWIFT_VERSION = 5.0;
			};
			name = Release;
		};
		65BA7E9A2F52EE18002B50D4 /* Debug */ = {
			isa = XCBuildConfiguration;
			buildSettings = {
				ALWAYS_SEARCH_USER_PATHS = NO;
				ASSETCATALOG_COMPILER_GENERATE_SWIFT_ASSET_SYMBOL_EXTENSIONS = YES;
				CLANG_ANALYZER_NONNULL = YES;
				CLANG_ANALYZER_NUMBER_OBJECT_CONVERSION = YES_AGGRESSIVE;
				CLANG_CXX_LANGUAGE_STANDARD = "gnu++20";
				CLANG_ENABLE_MODULES = YES;
				CLANG_ENABLE_OBJC_ARC = YES;
				CLANG_ENABLE_OBJC_WEAK = YES;
				CLANG_WARN_BLOCK_CAPTURE_AUTORELEASING = YES;
				CLANG_WARN_BOOL_CONVERSION = YES;
				CLANG_WARN_COMMA = YES;
				CLANG_WARN_CONSTANT_CONVERSION = YES;
				CLANG_WARN_DEPRECATED_OBJC_IMPLEMENTATIONS = YES;
				CLANG_WARN_DIRECT_OBJC_ISA_USAGE = YES_ERROR;
				CLANG_WARN_DOCUMENTATION_COMMENTS = YES;
				CLANG_WARN_EMPTY_BODY = YES;
				CLANG_WARN_ENUM_CONVERSION = YES;
				CLANG_WARN_INFINITE_RECURSION = YES;
				CLANG_WARN_INT_CONVERSION = YES;
				CLANG_WARN_NON_LITERAL_NULL_CONVERSION = YES;
				CLANG_WARN_OBJC_IMPLICIT_RETAIN_SELF = YES;
				CLANG_WARN_OBJC_LITERAL_CONVERSION = YES;
				CLANG_WARN_OBJC_ROOT_CLASS = YES_ERROR;
				CLANG_WARN_QUOTED_INCLUDE_IN_FRAMEWORK_HEADER = YES;
				CLANG_WARN_RANGE_LOOP_ANALYSIS = YES;
				CLANG_WARN_STRICT_PROTOTYPES = YES;
				CLANG_WARN_SUSPICIOUS_MOVE = YES;
				CLANG_WARN_UNGUARDED_AVAILABILITY = YES_AGGRESSIVE;
				CLANG_WARN_UNREACHABLE_CODE = YES;
				CLANG_WARN__DUPLICATE_METHOD_MATCH = YES;
				"CODE_SIGN_ENTITLEMENTS[sdk=*]" = FITSBlasterQLThumb/FITSBlasterQLThumb.entitlements;
				COPY_PHASE_STRIP = NO;
				DEBUG_INFORMATION_FORMAT = dwarf;
				DEVELOPMENT_TEAM = 6GBJ9SAJ6Y;
				ENABLE_STRICT_OBJC_MSGSEND = YES;
				ENABLE_TESTABILITY = YES;
				ENABLE_USER_SCRIPT_SANDBOXING = YES;
				EXCLUDED_SOURCE_FILE_NAMES = Info.plist;
				GCC_C_LANGUAGE_STANDARD = gnu17;
				GCC_DYNAMIC_NO_PIC = NO;
				GCC_NO_COMMON_BLOCKS = YES;
				GCC_OPTIMIZATION_LEVEL = 0;
				GCC_PREPROCESSOR_DEFINITIONS = (
					"DEBUG=1",
					"$(inherited)",
				);
				GCC_WARN_64_TO_32_BIT_CONVERSION = YES;
				GCC_WARN_ABOUT_RETURN_TYPE = YES_ERROR;
				GCC_WARN_UNDECLARED_SELECTOR = YES;
				GCC_WARN_UNINITIALIZED_AUTOS = YES_AGGRESSIVE;
				GCC_WARN_UNUSED_FUNCTION = YES;
				GCC_WARN_UNUSED_VARIABLE = YES;
				LOCALIZATION_PREFERS_STRING_CATALOGS = YES;
				MACOSX_DEPLOYMENT_TARGET = 26.2;
				MTL_ENABLE_DEBUG_INFO = INCLUDE_SOURCE;
				MTL_FAST_MATH = YES;
				ONLY_ACTIVE_ARCH = YES;
				PRODUCT_BUNDLE_IDENTIFIER = com.astrophotoapp.FitsBlaster;
				PRODUCT_NAME = "FITS Blaster";
				SDKROOT = macosx;
				SWIFT_ACTIVE_COMPILATION_CONDITIONS = "DEBUG $(inherited)";
				SWIFT_OPTIMIZATION_LEVEL = "-Onone";
			};
			name = Debug;
		};
		65BA7E9B2F52EE18002B50D4 /* Release */ = {
			isa = XCBuildConfiguration;
			buildSettings = {
				ALWAYS_SEARCH_USER_PATHS = NO;
				ASSETCATALOG_COMPILER_GENERATE_SWIFT_ASSET_SYMBOL_EXTENSIONS = YES;
				CLANG_ANALYZER_NONNULL = YES;
				CLANG_ANALYZER_NUMBER_OBJECT_CONVERSION = YES_AGGRESSIVE;
				CLANG_CXX_LANGUAGE_STANDARD = "gnu++20";
				CLANG_ENABLE_MODULES = YES;
				CLANG_ENABLE_OBJC_ARC = YES;
				CLANG_ENABLE_OBJC_WEAK = YES;
				CLANG_WARN_BLOCK_CAPTURE_AUTORELEASING = YES;
				CLANG_WARN_BOOL_CONVERSION = YES;
				CLANG_WARN_COMMA = YES;
				CLANG_WARN_CONSTANT_CONVERSION = YES;
				CLANG_WARN_DEPRECATED_OBJC_IMPLEMENTATIONS = YES;
				CLANG_WARN_DIRECT_OBJC_ISA_USAGE = YES_ERROR;
				CLANG_WARN_DOCUMENTATION_COMMENTS = YES;
				CLANG_WARN_EMPTY_BODY = YES;
				CLANG_WARN_ENUM_CONVERSION = YES;
				CLANG_WARN_INFINITE_RECURSION = YES;
				CLANG_WARN_INT_CONVERSION = YES;
				CLANG_WARN_NON_LITERAL_NULL_CONVERSION = YES;
				CLANG_WARN_OBJC_IMPLICIT_RETAIN_SELF = YES;
				CLANG_WARN_OBJC_LITERAL_CONVERSION = YES;
				CLANG_WARN_OBJC_ROOT_CLASS = YES_ERROR;
				CLANG_WARN_QUOTED_INCLUDE_IN_FRAMEWORK_HEADER = YES;
				CLANG_WARN_RANGE_LOOP_ANALYSIS = YES;
				CLANG_WARN_STRICT_PROTOTYPES = YES;
				CLANG_WARN_SUSPICIOUS_MOVE = YES;
				CLANG_WARN_UNGUARDED_AVAILABILITY = YES_AGGRESSIVE;
				CLANG_WARN_UNREACHABLE_CODE = YES;
				CLANG_WARN__DUPLICATE_METHOD_MATCH = YES;
				"CODE_SIGN_ENTITLEMENTS[sdk=*]" = FITSBlasterQLThumb/FITSBlasterQLThumb.entitlements;
				COPY_PHASE_STRIP = NO;
				DEBUG_INFORMATION_FORMAT = "dwarf-with-dsym";
				DEVELOPMENT_TEAM = 6GBJ9SAJ6Y;
				ENABLE_NS_ASSERTIONS = NO;
				ENABLE_STRICT_OBJC_MSGSEND = YES;
				ENABLE_USER_SCRIPT_SANDBOXING = YES;
				EXCLUDED_SOURCE_FILE_NAMES = Info.plist;
				GCC_C_LANGUAGE_STANDARD = gnu17;
				GCC_NO_COMMON_BLOCKS = YES;
				GCC_WARN_64_TO_32_BIT_CONVERSION = YES;
				GCC_WARN_ABOUT_RETURN_TYPE = YES_ERROR;
				GCC_WARN_UNDECLARED_SELECTOR = YES;
				GCC_WARN_UNINITIALIZED_AUTOS = YES_AGGRESSIVE;
				GCC_WARN_UNUSED_FUNCTION = YES;
				GCC_WARN_UNUSED_VARIABLE = YES;
				LOCALIZATION_PREFERS_STRING_CATALOGS = YES;
				MACOSX_DEPLOYMENT_TARGET = 26.2;
				MTL_ENABLE_DEBUG_INFO = NO;
				MTL_FAST_MATH = YES;
				PRODUCT_BUNDLE_IDENTIFIER = com.astrophotoapp.FitsBlaster;
				PRODUCT_NAME = "FITS Blaster";
				SDKROOT = macosx;
				SWIFT_COMPILATION_MODE = wholemodule;
			};
			name = Release;
		};
		65BA7E9D2F52EE18002B50D4 /* Debug */ = {
			isa = XCBuildConfiguration;
			buildSettings = {
				ARCHS = "$(ARCHS_STANDARD)";
				ASSETCATALOG_COMPILER_APPICON_NAME = AppIcon;
				ASSETCATALOG_COMPILER_GLOBAL_ACCENT_COLOR_NAME = AccentColor;
				"CODE_SIGN_ENTITLEMENTS[sdk=*]" = "FITS Blaster/FITS Blaster.entitlements";
				CODE_SIGN_IDENTITY = "Apple Development";
				CODE_SIGN_STYLE = Automatic;
				COMBINE_HIDPI_IMAGES = YES;
				CURRENT_PROJECT_VERSION = 186;
				DEVELOPMENT_TEAM = 6GBJ9SAJ6Y;
				ENABLE_APP_SANDBOX = YES;
				ENABLE_HARDENED_RUNTIME = YES;
				ENABLE_INCOMING_NETWORK_CONNECTIONS = NO;
				ENABLE_OUTGOING_NETWORK_CONNECTIONS = NO;
				ENABLE_PREVIEWS = YES;
				ENABLE_RESOURCE_ACCESS_AUDIO_INPUT = NO;
				ENABLE_RESOURCE_ACCESS_BLUETOOTH = NO;
				ENABLE_RESOURCE_ACCESS_CALENDARS = NO;
				ENABLE_RESOURCE_ACCESS_CAMERA = NO;
				ENABLE_RESOURCE_ACCESS_CONTACTS = NO;
				ENABLE_RESOURCE_ACCESS_LOCATION = NO;
				ENABLE_RESOURCE_ACCESS_PRINTING = NO;
				ENABLE_RESOURCE_ACCESS_USB = NO;
				ENABLE_USER_SELECTED_FILES = readwrite;
				GENERATE_INFOPLIST_FILE = NO;
				INFOPLIST_FILE = "FITS Blaster/Info.plist";
				INFOPLIST_KEY_NSHumanReadableCopyright = "";
				LD_RUNPATH_SEARCH_PATHS = (
					"$(inherited)",
					"@executable_path/../Frameworks",
				);
				MACOSX_DEPLOYMENT_TARGET = 15.6;
				MARKETING_VERSION = "1.23-beta.2";
				PRODUCT_BUNDLE_IDENTIFIER = com.astrophotoapp.FitsBlaster;
				PRODUCT_NAME = "FITS Blaster";
				PROVISIONING_PROFILE_SPECIFIER = "";
				REGISTER_APP_GROUPS = YES;
				STRING_CATALOG_GENERATE_SYMBOLS = YES;
				SWIFT_APPROACHABLE_CONCURRENCY = YES;
				SWIFT_DEFAULT_ACTOR_ISOLATION = none;
				SWIFT_EMIT_LOC_STRINGS = YES;
				SWIFT_UPCOMING_FEATURE_MEMBER_IMPORT_VISIBILITY = YES;
				SWIFT_VERSION = 5.0;
			};
			name = Debug;
		};
		65BA7E9E2F52EE18002B50D4 /* Release */ = {
			isa = XCBuildConfiguration;
			buildSettings = {
				ARCHS = "$(ARCHS_STANDARD)";
				ASSETCATALOG_COMPILER_APPICON_NAME = AppIcon;
				ASSETCATALOG_COMPILER_GLOBAL_ACCENT_COLOR_NAME = AccentColor;
				"CODE_SIGN_ENTITLEMENTS[sdk=*]" = "FITS Blaster/FITS Blaster.entitlements";
				CODE_SIGN_STYLE = Automatic;
				COMBINE_HIDPI_IMAGES = YES;
				CURRENT_PROJECT_VERSION = 186;
				DEVELOPMENT_TEAM = 6GBJ9SAJ6Y;
				ENABLE_APP_SANDBOX = YES;
				ENABLE_HARDENED_RUNTIME = YES;
				ENABLE_INCOMING_NETWORK_CONNECTIONS = NO;
				ENABLE_OUTGOING_NETWORK_CONNECTIONS = NO;
				ENABLE_PREVIEWS = YES;
				ENABLE_RESOURCE_ACCESS_AUDIO_INPUT = NO;
				ENABLE_RESOURCE_ACCESS_BLUETOOTH = NO;
				ENABLE_RESOURCE_ACCESS_CALENDARS = NO;
				ENABLE_RESOURCE_ACCESS_CAMERA = NO;
				ENABLE_RESOURCE_ACCESS_CONTACTS = NO;
				ENABLE_RESOURCE_ACCESS_LOCATION = NO;
				ENABLE_RESOURCE_ACCESS_PRINTING = NO;
				ENABLE_RESOURCE_ACCESS_USB = NO;
				ENABLE_USER_SELECTED_FILES = readwrite;
				GENERATE_INFOPLIST_FILE = NO;
				INFOPLIST_FILE = "FITS Blaster/Info.plist";
				INFOPLIST_KEY_NSHumanReadableCopyright = "";
				LD_RUNPATH_SEARCH_PATHS = (
					"$(inherited)",
					"@executable_path/../Frameworks",
				);
				MACOSX_DEPLOYMENT_TARGET = 15.6;
				MARKETING_VERSION = "1.23-beta.2";
				PRODUCT_BUNDLE_IDENTIFIER = com.astrophotoapp.FitsBlaster;
				PRODUCT_NAME = "FITS Blaster";
				REGISTER_APP_GROUPS = YES;
				STRING_CATALOG_GENERATE_SYMBOLS = YES;
				SWIFT_APPROACHABLE_CONCURRENCY = YES;
				SWIFT_DEFAULT_ACTOR_ISOLATION = none;
				SWIFT_EMIT_LOC_STRINGS = YES;
				SWIFT_UPCOMING_FEATURE_MEMBER_IMPORT_VISIBILITY = YES;
				SWIFT_VERSION = 5.0;
			};
			name = Release;
		};
		65BA7F052F52EE18002B50D4 /* Debug */ = {
			isa = XCBuildConfiguration;
			buildSettings = {
				BUNDLE_LOADER = "$(TEST_HOST)";
				CODE_SIGN_STYLE = Automatic;
				CURRENT_PROJECT_VERSION = 1;
				DEVELOPMENT_TEAM = 6GBJ9SAJ6Y;
				GENERATE_INFOPLIST_FILE = YES;
				MACOSX_DEPLOYMENT_TARGET = 15.6;
				PRODUCT_BUNDLE_IDENTIFIER = com.astrophotoapp.FitsBlasterTests;
				PRODUCT_NAME = "$(TARGET_NAME)";
				SDKROOT = macosx;
				SWIFT_APPROACHABLE_CONCURRENCY = YES;
				SWIFT_DEFAULT_ACTOR_ISOLATION = none;
				SWIFT_VERSION = 5.0;
				TEST_HOST = "$(BUILT_PRODUCTS_DIR)/FITS Blaster.app/Contents/MacOS/FITS Blaster";
			};
			name = Debug;
		};
		65BA7F062F52EE18002B50D4 /* Release */ = {
			isa = XCBuildConfiguration;
			buildSettings = {
				BUNDLE_LOADER = "$(TEST_HOST)";
				CODE_SIGN_STYLE = Automatic;
				CURRENT_PROJECT_VERSION = 1;
				DEVELOPMENT_TEAM = 6GBJ9SAJ6Y;
				GENERATE_INFOPLIST_FILE = YES;
				MACOSX_DEPLOYMENT_TARGET = 15.6;
				PRODUCT_BUNDLE_IDENTIFIER = com.astrophotoapp.FitsBlasterTests;
				PRODUCT_NAME = "$(TARGET_NAME)";
				SDKROOT = macosx;
				SWIFT_APPROACHABLE_CONCURRENCY = YES;
				SWIFT_COMPILATION_MODE = wholemodule;
				SWIFT_DEFAULT_ACTOR_ISOLATION = none;
				SWIFT_VERSION = 5.0;
				TEST_HOST = "$(BUILT_PRODUCTS_DIR)/FITS Blaster.app/Contents/MacOS/FITS Blaster";
			};
			name = Release;
		};
/* End XCBuildConfiguration section */

/* Begin XCConfigurationList section */
		653AE5E92F857C72008BBC9C /* Build configuration list for PBXNativeTarget "FITSBlasterQL" */ = {
			isa = XCConfigurationList;
			buildConfigurations = (
				653AE5EA2F857C72008BBC9C /* Debug */,
				653AE5EB2F857C72008BBC9C /* Release */,
			);
			defaultConfigurationIsVisible = 0;
			defaultConfigurationName = Release;
		};
		653AE6052F859C2B008BBC9C /* Build configuration list for PBXNativeTarget "FITSBlasterQLThumb" */ = {
			isa = XCConfigurationList;
			buildConfigurations = (
				653AE6062F859C2B008BBC9C /* Debug */,
				653AE6072F859C2B008BBC9C /* Release */,
			);
			defaultConfigurationIsVisible = 0;
			defaultConfigurationName = Release;
		};
		65BA7E8C2F52EE16002B50D4 /* Build configuration list for PBXProject "FITS Blaster" */ = {
			isa = XCConfigurationList;
			buildConfigurations = (
				65BA7E9A2F52EE18002B50D4 /* Debug */,
				65BA7E9B2F52EE18002B50D4 /* Release */,
			);
			defaultConfigurationIsVisible = 0;
			defaultConfigurationName = Release;
		};
		65BA7E9C2F52EE18002B50D4 /* Build configuration list for PBXNativeTarget "FITS Blaster" */ = {
			isa = XCConfigurationList;
			buildConfigurations = (
				65BA7E9D2F52EE18002B50D4 /* Debug */,
				65BA7E9E2F52EE18002B50D4 /* Release */,
			);
			defaultConfigurationIsVisible = 0;
			defaultConfigurationName = Release;
		};
		65BA7F072F52EE18002B50D4 /* Build configuration list for PBXNativeTarget "FITS Blaster Tests" */ = {
			isa = XCConfigurationList;
			buildConfigurations = (
				65BA7F052F52EE18002B50D4 /* Debug */,
				65BA7F062F52EE18002B50D4 /* Release */,
			);
			defaultConfigurationIsVisible = 0;
			defaultConfigurationName = Release;
		};
/* End XCConfigurationList section */

/* Begin XCRemoteSwiftPackageReference section */
		6563FD542F86EB7200719A65 /* XCRemoteSwiftPackageReference "Sparkle" */ = {
			isa = XCRemoteSwiftPackageReference;
			repositoryURL = "https://github.com/sparkle-project/Sparkle.git";
			requirement = {
				kind = upToNextMajorVersion;
				minimumVersion = 2.9.1;
			};
		};
/* End XCRemoteSwiftPackageReference section */

/* Begin XCSwiftPackageProductDependency section */
		6563FD552F86EEC500719A65 /* Sparkle */ = {
			isa = XCSwiftPackageProductDependency;
			package = 6563FD542F86EB7200719A65 /* XCRemoteSwiftPackageReference "Sparkle" */;
			productName = Sparkle;
		};
/* End XCSwiftPackageProductDependency section */
	};
	rootObject = 65BA7E892F52EE16002B50D4 /* Project object */;
}
